{
  "nodes": {
    "flake-compat": {
      "flake": false,
      "locked": {
        "lastModified": 1673956053,
        "narHash": "sha256-4gtG9iQuiKITOjNQQeQIpoIB6b16fm+504Ch3sNKLd8=",
        "owner": "edolstra",
        "repo": "flake-compat",
        "rev": "35bb57c0c8d8b62bbfd284272c928ceb64ddbde9",
        "type": "github"
      },
      "original": {
        "owner": "edolstra",
        "repo": "flake-compat",
        "type": "github"
      }
    },
    "flake-utils": {
      "inputs": {
        "systems": "systems"
      },
      "locked": {
        "lastModified": 1694529238,
        "narHash": "sha256-zsNZZGTGnMOf9YpHKJqMSsa0dXbfmxeoJ7xHlrt+xmY=",
        "owner": "numtide",
        "repo": "flake-utils",
        "rev": "ff7b65b44d01cf9ba6a71320833626af21126384",
        "type": "github"
      },
      "original": {
        "owner": "numtide",
        "repo": "flake-utils",
        "type": "github"
      }
    },
    "flake-utils_2": {
      "locked": {
        "lastModified": 1659877975,
        "narHash": "sha256-zllb8aq3YO3h8B/U0/J1WBgAL8EX5yWf5pMj3G0NAmc=",
        "owner": "numtide",
        "repo": "flake-utils",
        "rev": "c0e246b9b83f637f4681389ecabcb2681b4f3af0",
        "type": "github"
      },
      "original": {
        "owner": "numtide",
        "repo": "flake-utils",
        "type": "github"
      }
    },
    "gitignore": {
      "inputs": {
        "nixpkgs": [
          "zls",
          "nixpkgs"
        ]
      },
      "locked": {
        "lastModified": 1694102001,
        "narHash": "sha256-vky6VPK1n1od6vXbqzOXnekrQpTL4hbPAwUhT5J9c9E=",
        "owner": "hercules-ci",
        "repo": "gitignore.nix",
        "rev": "9e21c80adf67ebcb077d75bd5e7d724d21eeafd6",
        "type": "github"
      },
      "original": {
        "owner": "hercules-ci",
        "repo": "gitignore.nix",
        "type": "github"
      }
    },
    "langref": {
      "flake": false,
      "locked": {
        "narHash": "sha256-mYdDCBdNEIeMbavdhSo8qXqW+3fqPC8BAich7W3umrI=",
        "type": "file",
        "url": "https://raw.githubusercontent.com/ziglang/zig/63bd2bff12992aef0ce23ae4b344e9cb5d65f05d/doc/langref.html.in"
      },
      "original": {
        "type": "file",
        "url": "https://raw.githubusercontent.com/ziglang/zig/63bd2bff12992aef0ce23ae4b344e9cb5d65f05d/doc/langref.html.in"
      }
    },
    "lsp-setup-git": {
      "flake": false,
      "locked": {
        "lastModified": 1695254017,
        "narHash": "sha256-5JknOhlyQs8bZFWcdzQiqiV2jexEiqtGCN2fpdP3hc0=",
        "owner": "junnplus",
        "repo": "lsp-setup.nvim",
        "rev": "7276e54faf4af909b6ea171975fd4179ebe65cec",
        "type": "github"
      },
      "original": {
        "owner": "junnplus",
        "repo": "lsp-setup.nvim",
        "type": "github"
      }
    },
    "matlab-lsp": {
      "inputs": {
        "flake-utils": [
          "flake-utils"
        ],
        "naersk": "naersk",
        "nixpkgs": [
          "nixpkgs"
        ]
      },
      "locked": {
        "lastModified": 1700415521,
        "narHash": "sha256-0X9AKaUG025/7KWUx+DEgR9pOUQ9jjwtIxBwmvjjjnU=",
        "owner": "acristoffers",
        "repo": "matlab-lsp",
        "rev": "f0e3b648b84b1d2a1ae68bdd8c16c34c81f6376b",
        "type": "github"
      },
      "original": {
        "owner": "acristoffers",
        "repo": "matlab-lsp",
        "type": "github"
      }
    },
    "naersk": {
      "inputs": {
        "nixpkgs": "nixpkgs"
      },
      "locked": {
        "lastModified": 1698420672,
        "narHash": "sha256-/TdeHMPRjjdJub7p7+w55vyABrsJlt5QkznPYy55vKA=",
        "owner": "nix-community",
        "repo": "naersk",
        "rev": "aeb58d5e8faead8980a807c840232697982d47b9",
        "type": "github"
      },
      "original": {
        "owner": "nix-community",
        "repo": "naersk",
        "type": "github"
      }
    },
    "nixpkgs": {
      "locked": {
        "lastModified": 1700355335,
        "narHash": "sha256-JYuXbNzwAlQyiImqelV+pQ+Jer+zQv9fSrK98/NbSgA=",
        "owner": "NixOS",
        "repo": "nixpkgs",
        "rev": "9ea24fc7e02b65c150c88e1412400b70087bd382",
        "type": "github"
      },
      "original": {
        "id": "nixpkgs",
        "type": "indirect"
      }
    },
    "nixpkgs_2": {
      "locked": {
        "lastModified": 1700856099,
        "narHash": "sha256-RnEA7iJ36Ay9jI0WwP+/y4zjEhmeN6Cjs9VOFBH7eVQ=",
        "owner": "NixOS",
        "repo": "nixpkgs",
        "rev": "0bd59c54ef06bc34eca01e37d689f5e46b3fe2f1",
        "type": "github"
      },
      "original": {
        "owner": "NixOS",
        "ref": "nixpkgs-unstable",
        "repo": "nixpkgs",
        "type": "github"
      }
    },
    "root": {
      "inputs": {
        "flake-utils": "flake-utils",
        "lsp-setup-git": "lsp-setup-git",
        "matlab-lsp": "matlab-lsp",
        "nixpkgs": "nixpkgs_2",
        "zls": "zls"
      }
    },
    "systems": {
      "locked": {
        "lastModified": 1681028828,
        "narHash": "sha256-Vy1rq5AaRuLzOxct8nz4T6wlgyUR7zLU309k9mBC768=",
        "owner": "nix-systems",
        "repo": "default",
        "rev": "da67096a3b9bf56a91d16901293e51ba5b49a27e",
        "type": "github"
      },
      "original": {
        "owner": "nix-systems",
        "repo": "default",
        "type": "github"
      }
    },
    "zig-overlay": {
      "inputs": {
        "flake-compat": "flake-compat",
        "flake-utils": "flake-utils_2",
        "nixpkgs": [
          "zls",
          "nixpkgs"
        ]
      },
      "locked": {
        "lastModified": 1700654922,
        "narHash": "sha256-n3e7QAGhEDV1Ttu8m+VVt3oJwYVBat1KM29IKxIJlxM=",
        "owner": "mitchellh",
        "repo": "zig-overlay",
        "rev": "f7a7dc4699f7342e5a61e65de6756952fbac3d8f",
        "type": "github"
      },
      "original": {
        "owner": "mitchellh",
        "repo": "zig-overlay",
        "type": "github"
      }
    },
    "zls": {
      "inputs": {
        "flake-utils": [
          "flake-utils"
        ],
        "gitignore": "gitignore",
        "langref": "langref",
        "nixpkgs": [
          "nixpkgs"
        ],
        "zig-overlay": "zig-overlay"
      },
      "locked": {
        "lastModified": 1700699451,
        "narHash": "sha256-6IRjbRwMpzyRWtJYG6h7zxc5VAO6hjxwvEPScDnhN/I=",
        "owner": "acristoffers",
        "repo": "zls",
        "rev": "38a199813a1018305d4e85233950c2e6c8ca30a1",
        "type": "github"
      },
      "original": {
        "owner": "acristoffers",
        "repo": "zls",
        "type": "github"
      }
    }
  },
  "root": "root",
  "version": 7
}
