{
  "nodes": {
    "copilot-lualine-git": {
      "flake": false,
      "locked": {
        "lastModified": 1743877497,
        "narHash": "sha256-Fit4M+BfxNbUAK0RBJAy5G9DR8LqZR7UEVsN+92Heho=",
        "owner": "AndreM222",
        "repo": "copilot-lualine",
        "rev": "6bc29ba1fcf8f0f9ba1f0eacec2f178d9be49333",
        "type": "github"
      },
      "original": {
        "owner": "AndreM222",
        "repo": "copilot-lualine",
        "type": "github"
      }
    },
    "flake-compat": {
      "flake": false,
      "locked": {
        "lastModified": 1696426674,
        "narHash": "sha256-kvjfFW7WAETZlt09AgDn1MrtKzP7t90Vf7vypd3OL1U=",
        "owner": "edolstra",
        "repo": "flake-compat",
        "rev": "0f9255e01c2351cc7d116c072cb317785dd33b33",
        "type": "github"
      },
      "original": {
        "owner": "edolstra",
        "repo": "flake-compat",
        "type": "github"
      }
    },
    "flake-utils": {
      "inputs": {
        "systems": "systems"
      },
      "locked": {
        "lastModified": 1731533236,
        "narHash": "sha256-l0KFg5HjrsfsO/JpG+r7fRrqm12kzFHyUHqHCVpMMbI=",
        "owner": "numtide",
        "repo": "flake-utils",
        "rev": "11707dc2f618dd54ca8739b309ec4fc024de578b",
        "type": "github"
      },
      "original": {
        "owner": "numtide",
        "repo": "flake-utils",
        "type": "github"
      }
    },
    "flake-utils_2": {
      "inputs": {
        "systems": "systems_2"
      },
      "locked": {
        "lastModified": 1705309234,
        "narHash": "sha256-uNRRNRKmJyCRC/8y1RqBkqWBLM034y4qN7EprSdmgyA=",
        "owner": "numtide",
        "repo": "flake-utils",
        "rev": "1ef2e671c3b0c19053962c07dbda38332dcebf26",
        "type": "github"
      },
      "original": {
        "owner": "numtide",
        "repo": "flake-utils",
        "type": "github"
      }
    },
    "git-worktree-git": {
      "flake": false,
      "locked": {
        "lastModified": 1714420982,
        "narHash": "sha256-CC9+h1i+l9TbE60LABZnwjkHy94VGQ7Hqd5jVHEW+mw=",
        "owner": "awerebea",
        "repo": "git-worktree.nvim",
        "rev": "a3917d0b7ca32e7faeed410cd6b0c572bf6384ac",
        "type": "github"
      },
      "original": {
        "owner": "awerebea",
        "ref": "handle_changes_in_telescope_api",
        "repo": "git-worktree.nvim",
        "type": "github"
      }
    },
    "gitignore": {
      "inputs": {
        "nixpkgs": [
          "zls",
          "nixpkgs"
        ]
      },
      "locked": {
        "lastModified": 1709087332,
        "narHash": "sha256-HG2cCnktfHsKV0s4XW83gU3F57gaTljL9KNSuG6bnQs=",
        "owner": "hercules-ci",
        "repo": "gitignore.nix",
        "rev": "637db329424fd7e46cf4185293b9cc8c88c95394",
        "type": "github"
      },
      "original": {
        "owner": "hercules-ci",
        "repo": "gitignore.nix",
        "type": "github"
      }
    },
    "ledger-formatter": {
      "inputs": {
        "flake-utils": [
          "flake-utils"
        ],
        "nixpkgs": [
          "nixpkgs"
        ]
      },
      "locked": {
        "lastModified": 1755377764,
        "narHash": "sha256-Auz+8L3O3m0zkQaIwDpc1pppJFVTln/DRruaZRmOva0=",
        "owner": "acristoffers",
        "repo": "ledger-formatter",
        "rev": "34a89453b7c5591ebb97d7b5bdd09a6d2e6e451c",
        "type": "github"
      },
      "original": {
        "owner": "acristoffers",
        "repo": "ledger-formatter",
        "type": "github"
      }
    },
    "lsp-setup-git": {
      "flake": false,
      "locked": {
        "lastModified": 1747271058,
        "narHash": "sha256-IRWvT4uSyyuV1Gm9l0PW3itzYHntP6kLvXztNcUNsnA=",
        "owner": "junnplus",
        "repo": "lsp-setup.nvim",
        "rev": "f3acd127ca0f6bf5516622aafd87de7290ca8159",
        "type": "github"
      },
      "original": {
        "owner": "junnplus",
        "repo": "lsp-setup.nvim",
        "type": "github"
      }
    },
    "matlab-lsp": {
      "inputs": {
        "flake-utils": [
          "flake-utils"
        ],
        "nixpkgs": [
          "nixpkgs"
        ]
      },
      "locked": {
        "lastModified": 1752432743,
        "narHash": "sha256-85LSNbj2e7kDYsgD9WribmjYZJlzNHqh1mObGW7hWs8=",
        "owner": "acristoffers",
        "repo": "matlab-lsp",
        "rev": "835e75693edaef9557a0afee53c33517d6c5ed55",
        "type": "github"
      },
      "original": {
        "owner": "acristoffers",
        "repo": "matlab-lsp",
        "type": "github"
      }
    },
    "nixpkgs": {
      "locked": {
        "lastModified": 1755268003,
        "narHash": "sha256-nNaeJjo861wFR0tjHDyCnHs1rbRtrMgxAKMoig9Sj/w=",
        "owner": "NixOS",
        "repo": "nixpkgs",
        "rev": "32f313e49e42f715491e1ea7b306a87c16fe0388",
        "type": "github"
      },
      "original": {
        "owner": "NixOS",
        "ref": "nixpkgs-unstable",
        "repo": "nixpkgs",
        "type": "github"
      }
    },
    "root": {
      "inputs": {
        "copilot-lualine-git": "copilot-lualine-git",
        "flake-utils": "flake-utils",
        "git-worktree-git": "git-worktree-git",
        "ledger-formatter": "ledger-formatter",
        "lsp-setup-git": "lsp-setup-git",
        "matlab-lsp": "matlab-lsp",
        "nixpkgs": "nixpkgs",
        "snacks-git": "snacks-git",
        "wbproto-beautifier": "wbproto-beautifier",
        "zls": "zls"
      }
    },
    "snacks-git": {
      "flake": false,
      "locked": {
        "lastModified": 1740868622,
        "narHash": "sha256-Gw0Bp2YeoESiBLs3NPnqke3xwEjuiQDDU1CPofrhtig=",
        "owner": "folke",
        "repo": "snacks.nvim",
        "rev": "bc0630e43be5699bb94dadc302c0d21615421d93",
        "type": "github"
      },
      "original": {
        "owner": "folke",
        "repo": "snacks.nvim",
        "type": "github"
      }
    },
    "systems": {
      "locked": {
        "lastModified": 1681028828,
        "narHash": "sha256-Vy1rq5AaRuLzOxct8nz4T6wlgyUR7zLU309k9mBC768=",
        "owner": "nix-systems",
        "repo": "default",
        "rev": "da67096a3b9bf56a91d16901293e51ba5b49a27e",
        "type": "github"
      },
      "original": {
        "owner": "nix-systems",
        "repo": "default",
        "type": "github"
      }
    },
    "systems_2": {
      "locked": {
        "lastModified": 1681028828,
        "narHash": "sha256-Vy1rq5AaRuLzOxct8nz4T6wlgyUR7zLU309k9mBC768=",
        "owner": "nix-systems",
        "repo": "default",
        "rev": "da67096a3b9bf56a91d16901293e51ba5b49a27e",
        "type": "github"
      },
      "original": {
        "owner": "nix-systems",
        "repo": "default",
        "type": "github"
      }
    },
    "wbproto-beautifier": {
      "inputs": {
        "flake-utils": [
          "flake-utils"
        ],
        "nixpkgs": [
          "nixpkgs"
        ]
      },
      "locked": {
        "lastModified": 1727006011,
        "narHash": "sha256-E558f/0Okkt/Er/n2PWYvpPbIrwCN8e9VycHNzBR/eI=",
        "owner": "acristoffers",
        "repo": "wbproto-beautifier",
        "rev": "6b92dd7eac725238292eb8b8059b519d1eb0bb95",
        "type": "github"
      },
      "original": {
        "owner": "acristoffers",
        "repo": "wbproto-beautifier",
        "type": "github"
      }
    },
    "zig-overlay": {
      "inputs": {
        "flake-compat": "flake-compat",
        "flake-utils": "flake-utils_2",
        "nixpkgs": [
          "zls",
          "nixpkgs"
        ]
      },
      "locked": {
        "lastModified": 1754568919,
        "narHash": "sha256-h/FHxaWb5BqxNhFcOksUQpCup0JeV0nQIDTvSIAUmoU=",
        "owner": "mitchellh",
        "repo": "zig-overlay",
        "rev": "ebf25e33acf21034d7b5b618a91d60f8aa75c6ec",
        "type": "github"
      },
      "original": {
        "owner": "mitchellh",
        "repo": "zig-overlay",
        "type": "github"
      }
    },
    "zls": {
      "inputs": {
        "gitignore": "gitignore",
        "nixpkgs": [
          "nixpkgs"
        ],
        "zig-overlay": "zig-overlay"
      },
      "locked": {
        "lastModified": 1755109507,
        "narHash": "sha256-4lSI0GBA01UTqz8s7uXFtfDHSa7NRYowmm+CY9d4hTY=",
        "owner": "acristoffers",
        "repo": "zls",
        "rev": "7676c8276d12047e8a3eb69e31db8440105b6128",
        "type": "github"
      },
      "original": {
        "owner": "acristoffers",
        "repo": "zls",
        "type": "github"
      }
    }
  },
  "root": "root",
  "version": 7
}
